
Microsoft Visual Studio Solution File, Format Version 12.00
# Visual Studio Version 17
VisualStudioVersion = 17.7.34202.233
MinimumVisualStudioVersion = 10.0.40219.1
Project("{FAE04EC0-301F-11D3-BF4B-00C04F79EFBC}") = "BusinessTraining", "BusinessTraining\BusinessTraining.csproj", "{6A5BE1EB-9C0B-45F1-A33A-6DFB9B3BCBC8}"
EndProject
Project("{FAE04EC0-301F-11D3-BF4B-00C04F79EFBC}") = "BusinessTraining.Common", "BusinessTraining.Common\BusinessTraining.Common.csproj", "{1B467435-A65E-468E-A6AD-30A3B6564269}"
EndProject
Project("{FAE04EC0-301F-11D3-BF4B-00C04F79EFBC}") = "BusinessTraining.Configuration", "BusinessTraining.Configuration\BusinessTraining.Configuration.csproj", "{8A017E5F-FBBC-4EAA-A4BB-B47F46E533C5}"
EndProject
Project("{FAE04EC0-301F-11D3-BF4B-00C04F79EFBC}") = "BusinessTraining.Notifications", "BusinessTraining.Notifications\BusinessTraining.Notifications.csproj", "{EF6F51C8-EAC0-431F-B95E-62E88720DB19}"
EndProject
Project("{2150E333-8FDC-42A3-9474-1A3956D46DE8}") = "Tests", "Tests", "{97C52939-B485-4F0D-91D7-5C3C455E96D7}"
EndProject
Project("{2150E333-8FDC-42A3-9474-1A3956D46DE8}") = "Libraries", "Libraries", "{60970BA4-1455-4487-83C0-02B179C95C47}"
EndProject
Project("{FAE04EC0-301F-11D3-BF4B-00C04F79EFBC}") = "BusinessTraining.Configuration.Logic", "BusinessTraining.Configuration.Logic\BusinessTraining.Configuration.Logic.csproj", "{8A3AF91E-8922-4431-8AAE-BB9AEF9676D8}"
EndProject
Project("{FAE04EC0-301F-11D3-BF4B-00C04F79EFBC}") = "BusinessTraining.Application.Tests", "BusinessTraining.Application.Tests\BusinessTraining.Application.Tests.csproj", "{92C17B39-59A9-49DB-B8F2-C914F7DDC9DE}"
EndProject
Project("{FAE04EC0-301F-11D3-BF4B-00C04F79EFBC}") = "BusinessTraining.Configuration.Logic.Tests", "BusinessTraining.Configuration.Logic.Tests\BusinessTraining.Configuration.Logic.Tests.csproj", "{06531E04-A29A-4177-A92E-525525ACEA99}"
EndProject
Project("{FAE04EC0-301F-11D3-BF4B-00C04F79EFBC}") = "BusinessTraining.Application", "BusinessTraining.Application\BusinessTraining.Application.csproj", "{5C5F477F-1562-4A6B-81BF-33FB60E600C0}"
EndProject
Global
	GlobalSection(SolutionConfigurationPlatforms) = preSolution
		Debug|Any CPU = Debug|Any CPU
		Release|Any CPU = Release|Any CPU
	EndGlobalSection
	GlobalSection(ProjectConfigurationPlatforms) = postSolution
		{6A5BE1EB-9C0B-45F1-A33A-6DFB9B3BCBC8}.Debug|Any CPU.ActiveCfg = Debug|Any CPU
		{6A5BE1EB-9C0B-45F1-A33A-6DFB9B3BCBC8}.Debug|Any CPU.Build.0 = Debug|Any CPU
		{6A5BE1EB-9C0B-45F1-A33A-6DFB9B3BCBC8}.Release|Any CPU.ActiveCfg = Release|Any CPU
		{6A5BE1EB-9C0B-45F1-A33A-6DFB9B3BCBC8}.Release|Any CPU.Build.0 = Release|Any CPU
		{1B467435-A65E-468E-A6AD-30A3B6564269}.Debug|Any CPU.ActiveCfg = Debug|Any CPU
		{1B467435-A65E-468E-A6AD-30A3B6564269}.Debug|Any CPU.Build.0 = Debug|Any CPU
		{1B467435-A65E-468E-A6AD-30A3B6564269}.Release|Any CPU.ActiveCfg = Release|Any CPU
		{1B467435-A65E-468E-A6AD-30A3B6564269}.Release|Any CPU.Build.0 = Release|Any CPU
		{8A017E5F-FBBC-4EAA-A4BB-B47F46E533C5}.Debug|Any CPU.ActiveCfg = Debug|Any CPU
		{8A017E5F-FBBC-4EAA-A4BB-B47F46E533C5}.Debug|Any CPU.Build.0 = Debug|Any CPU
		{8A017E5F-FBBC-4EAA-A4BB-B47F46E533C5}.Release|Any CPU.ActiveCfg = Release|Any CPU
		{8A017E5F-FBBC-4EAA-A4BB-B47F46E533C5}.Release|Any CPU.Build.0 = Release|Any CPU
		{EF6F51C8-EAC0-431F-B95E-62E88720DB19}.Debug|Any CPU.ActiveCfg = Debug|Any CPU
		{EF6F51C8-EAC0-431F-B95E-62E88720DB19}.Debug|Any CPU.Build.0 = Debug|Any CPU
		{EF6F51C8-EAC0-431F-B95E-62E88720DB19}.Release|Any CPU.ActiveCfg = Release|Any CPU
		{EF6F51C8-EAC0-431F-B95E-62E88720DB19}.Release|Any CPU.Build.0 = Release|Any CPU
		{8A3AF91E-8922-4431-8AAE-BB9AEF9676D8}.Debug|Any CPU.ActiveCfg = Debug|Any CPU
		{8A3AF91E-8922-4431-8AAE-BB9AEF9676D8}.Debug|Any CPU.Build.0 = Debug|Any CPU
		{8A3AF91E-8922-4431-8AAE-BB9AEF9676D8}.Release|Any CPU.ActiveCfg = Release|Any CPU
		{8A3AF91E-8922-4431-8AAE-BB9AEF9676D8}.Release|Any CPU.Build.0 = Release|Any CPU
		{92C17B39-59A9-49DB-B8F2-C914F7DDC9DE}.Debug|Any CPU.ActiveCfg = Debug|Any CPU
		{92C17B39-59A9-49DB-B8F2-C914F7DDC9DE}.Debug|Any CPU.Build.0 = Debug|Any CPU
		{92C17B39-59A9-49DB-B8F2-C914F7DDC9DE}.Release|Any CPU.ActiveCfg = Release|Any CPU
		{92C17B39-59A9-49DB-B8F2-C914F7DDC9DE}.Release|Any CPU.Build.0 = Release|Any CPU
		{06531E04-A29A-4177-A92E-525525ACEA99}.Debug|Any CPU.ActiveCfg = Debug|Any CPU
		{06531E04-A29A-4177-A92E-525525ACEA99}.Debug|Any CPU.Build.0 = Debug|Any CPU
		{06531E04-A29A-4177-A92E-525525ACEA99}.Release|Any CPU.ActiveCfg = Release|Any CPU
		{06531E04-A29A-4177-A92E-525525ACEA99}.Release|Any CPU.Build.0 = Release|Any CPU
		{5C5F477F-1562-4A6B-81BF-33FB60E600C0}.Debug|Any CPU.ActiveCfg = Debug|Any CPU
		{5C5F477F-1562-4A6B-81BF-33FB60E600C0}.Debug|Any CPU.Build.0 = Debug|Any CPU
		{5C5F477F-1562-4A6B-81BF-33FB60E600C0}.Release|Any CPU.ActiveCfg = Release|Any CPU
		{5C5F477F-1562-4A6B-81BF-33FB60E600C0}.Release|Any CPU.Build.0 = Release|Any CPU
	EndGlobalSection
	GlobalSection(SolutionProperties) = preSolution
		HideSolutionNode = FALSE
	EndGlobalSection
	GlobalSection(NestedProjects) = preSolution
		{1B467435-A65E-468E-A6AD-30A3B6564269} = {60970BA4-1455-4487-83C0-02B179C95C47}
		{EF6F51C8-EAC0-431F-B95E-62E88720DB19} = {60970BA4-1455-4487-83C0-02B179C95C47}
		{8A3AF91E-8922-4431-8AAE-BB9AEF9676D8} = {60970BA4-1455-4487-83C0-02B179C95C47}
		{92C17B39-59A9-49DB-B8F2-C914F7DDC9DE} = {97C52939-B485-4F0D-91D7-5C3C455E96D7}
		{06531E04-A29A-4177-A92E-525525ACEA99} = {97C52939-B485-4F0D-91D7-5C3C455E96D7}
		{5C5F477F-1562-4A6B-81BF-33FB60E600C0} = {60970BA4-1455-4487-83C0-02B179C95C47}
	EndGlobalSection
	GlobalSection(ExtensibilityGlobals) = postSolution
		SolutionGuid = {6DC8143A-3CE1-466C-BC29-DB74A78775DF}
	EndGlobalSection
EndGlobal
